
Microsoft Visual Studio Solution File, Format Version 12.00
# Visual Studio Version 16
VisualStudioVersion = 16.0.32002.261
MinimumVisualStudioVersion = 10.0.40219.1
Project("{FAE04EC0-301F-11D3-BF4B-00C04F79EFBC}") = "Mission02_GradeCalculator", "Mission02_GradeCalculator\Mission02_GradeCalculator.csproj", "{F65B6DC1-7157-428F-B321-8C5BF98FA440}"
EndProject
Global
	GlobalSection(SolutionConfigurationPlatforms) = preSolution
		Debug|Any CPU = Debug|Any CPU
		Release|Any CPU = Release|Any CPU
	EndGlobalSection
	GlobalSection(ProjectConfigurationPlatforms) = postSolution
		{F65B6DC1-7157-428F-B321-8C5BF98FA440}.Debug|Any CPU.ActiveCfg = Debug|Any CPU
		{F65B6DC1-7157-428F-B321-8C5BF98FA440}.Debug|Any CPU.Build.0 = Debug|Any CPU
		{F65B6DC1-7157-428F-B321-8C5BF98FA440}.Release|Any CPU.ActiveCfg = Release|Any CPU
		{F65B6DC1-7157-428F-B321-8C5BF98FA440}.Release|Any CPU.Build.0 = Release|Any CPU
	EndGlobalSection
	GlobalSection(SolutionProperties) = preSolution
		HideSolutionNode = FALSE
	EndGlobalSection
	GlobalSection(ExtensibilityGlobals) = postSolution
		SolutionGuid = {265948B6-F982-47A6-857B-6843EA13E56D}
	EndGlobalSection
EndGlobal
